
Microsoft Visual Studio Solution File, Format Version 12.00
# Visual Studio Version 16
VisualStudioVersion = 16.0.28803.352
MinimumVisualStudioVersion = 10.0.40219.1
Project("{FAE04EC0-301F-11D3-BF4B-00C04F79EFBC}") = "FreeWheel.MovieDb.Web", "FreeWheel.MovieDb.Web\FreeWheel.MovieDb.Web.csproj", "{50623956-3968-4E80-9AF0-FE8E06DC300E}"
EndProject
Project("{FAE04EC0-301F-11D3-BF4B-00C04F79EFBC}") = "FreeWheel.MovieDb.Api", "FreeWheel.MovieDb.Api\FreeWheel.MovieDb.Api.csproj", "{61CD58A8-9B0E-44CC-98FA-3D4CDF561300}"
EndProject
Project("{FAE04EC0-301F-11D3-BF4B-00C04F79EFBC}") = "FreeWheel.MovieDb.Api.UnitTest", "FreeWheel.MovieDb.Api.UnitTest\FreeWheel.MovieDb.Api.UnitTest.csproj", "{65BCA0FD-74C8-45FD-9BE8-8DB747FEB562}"
EndProject
Global
	GlobalSection(SolutionConfigurationPlatforms) = preSolution
		Debug|Any CPU = Debug|Any CPU
		Release|Any CPU = Release|Any CPU
	EndGlobalSection
	GlobalSection(ProjectConfigurationPlatforms) = postSolution
		{50623956-3968-4E80-9AF0-FE8E06DC300E}.Debug|Any CPU.ActiveCfg = Debug|Any CPU
		{50623956-3968-4E80-9AF0-FE8E06DC300E}.Debug|Any CPU.Build.0 = Debug|Any CPU
		{50623956-3968-4E80-9AF0-FE8E06DC300E}.Release|Any CPU.ActiveCfg = Release|Any CPU
		{50623956-3968-4E80-9AF0-FE8E06DC300E}.Release|Any CPU.Build.0 = Release|Any CPU
		{61CD58A8-9B0E-44CC-98FA-3D4CDF561300}.Debug|Any CPU.ActiveCfg = Debug|Any CPU
		{61CD58A8-9B0E-44CC-98FA-3D4CDF561300}.Debug|Any CPU.Build.0 = Debug|Any CPU
		{61CD58A8-9B0E-44CC-98FA-3D4CDF561300}.Release|Any CPU.ActiveCfg = Release|Any CPU
		{61CD58A8-9B0E-44CC-98FA-3D4CDF561300}.Release|Any CPU.Build.0 = Release|Any CPU
		{65BCA0FD-74C8-45FD-9BE8-8DB747FEB562}.Debug|Any CPU.ActiveCfg = Debug|Any CPU
		{65BCA0FD-74C8-45FD-9BE8-8DB747FEB562}.Debug|Any CPU.Build.0 = Debug|Any CPU
		{65BCA0FD-74C8-45FD-9BE8-8DB747FEB562}.Release|Any CPU.ActiveCfg = Release|Any CPU
		{65BCA0FD-74C8-45FD-9BE8-8DB747FEB562}.Release|Any CPU.Build.0 = Release|Any CPU
	EndGlobalSection
	GlobalSection(SolutionProperties) = preSolution
		HideSolutionNode = FALSE
	EndGlobalSection
	GlobalSection(ExtensibilityGlobals) = postSolution
		SolutionGuid = {9C305339-B722-4839-ADBE-7A099985DEA3}
	EndGlobalSection
EndGlobal
